
Microsoft Visual Studio Solution File, Format Version 12.00
# Visual Studio Version 16
VisualStudioVersion = 16.0.31829.152
MinimumVisualStudioVersion = 10.0.40219.1
Project("{FAE04EC0-301F-11D3-BF4B-00C04F79EFBC}") = "Projet_Scrabble_ValentinFRIED_RomainPAUPE", "Projet_Scrabble_ValentinFRIED_RomainPAUPE\Projet_Scrabble_ValentinFRIED_RomainPAUPE.csproj", "{9BFD2E94-E59E-41E5-B8CF-552AE9E9934A}"
EndProject
Global
	GlobalSection(SolutionConfigurationPlatforms) = preSolution
		Debug|Any CPU = Debug|Any CPU
		Release|Any CPU = Release|Any CPU
	EndGlobalSection
	GlobalSection(ProjectConfigurationPlatforms) = postSolution
		{9BFD2E94-E59E-41E5-B8CF-552AE9E9934A}.Debug|Any CPU.ActiveCfg = Debug|Any CPU
		{9BFD2E94-E59E-41E5-B8CF-552AE9E9934A}.Debug|Any CPU.Build.0 = Debug|Any CPU
		{9BFD2E94-E59E-41E5-B8CF-552AE9E9934A}.Release|Any CPU.ActiveCfg = Release|Any CPU
		{9BFD2E94-E59E-41E5-B8CF-552AE9E9934A}.Release|Any CPU.Build.0 = Release|Any CPU
	EndGlobalSection
	GlobalSection(SolutionProperties) = preSolution
		HideSolutionNode = FALSE
	EndGlobalSection
	GlobalSection(ExtensibilityGlobals) = postSolution
		SolutionGuid = {1E535785-1E8E-42C6-9448-3937D30AD720}
	EndGlobalSection
EndGlobal
