
Microsoft Visual Studio Solution File, Format Version 12.00
# Visual Studio Version 17
VisualStudioVersion = 17.1.32328.378
MinimumVisualStudioVersion = 10.0.40219.1
Project("{FAE04EC0-301F-11D3-BF4B-00C04F79EFBC}") = "Naha", "Naha\Naha.csproj", "{06413560-11F6-4C1C-AF09-E16A327566CD}"
EndProject
Global
	GlobalSection(SolutionConfigurationPlatforms) = preSolution
		Debug|Any CPU = Debug|Any CPU
		Release|Any CPU = Release|Any CPU
	EndGlobalSection
	GlobalSection(ProjectConfigurationPlatforms) = postSolution
		{06413560-11F6-4C1C-AF09-E16A327566CD}.Debug|Any CPU.ActiveCfg = Debug|Any CPU
		{06413560-11F6-4C1C-AF09-E16A327566CD}.Debug|Any CPU.Build.0 = Debug|Any CPU
		{06413560-11F6-4C1C-AF09-E16A327566CD}.Release|Any CPU.ActiveCfg = Release|Any CPU
		{06413560-11F6-4C1C-AF09-E16A327566CD}.Release|Any CPU.Build.0 = Release|Any CPU
	EndGlobalSection
	GlobalSection(SolutionProperties) = preSolution
		HideSolutionNode = FALSE
	EndGlobalSection
	GlobalSection(ExtensibilityGlobals) = postSolution
		SolutionGuid = {1DC17634-0888-4360-8A08-AC95F9FA93DD}
	EndGlobalSection
EndGlobal
